blekksprut.net/aspeq v0.5.0 h1:QjcMLnWXu98bq6EW01RUuYJclt8BWnLzYYh6PSW3lhw=
blekksprut.net/aspeq v0.5.0/go.mod h1:Jm72njuM27zuY7oRhL/uq9I0ZCwP4h2Xa1UBng/I8UA=
golang.org/x/image v0.27.0 h1:C8gA4oWU/tKkdCfYT6T2u4faJu3MeNS5O8UPWlPF61w=
golang.org/x/image v0.27.0/go.mod h1:xbdrClrAUway1MUTEZDq9mz/UpRwYAkFFNUslZtcB+g=
