blekksprut.net/aspeq v0.5.1 h1:gwVMvUUkKRfq1eGJFNdVdkzLNez6cgCPYLN2QX98q+M=
blekksprut.net/aspeq v0.5.1/go.mod h1:Jm72njuM27zuY7oRhL/uq9I0ZCwP4h2Xa1UBng/I8UA=
golang.org/x/image v0.28.0 h1:gdem5JW1OLS4FbkWgLO+7ZeFzYtL3xClb97GaUzYMFE=
golang.org/x/image v0.28.0/go.mod h1:GUJYXtnGKEUgggyzh+Vxt+AviiCcyiwpsl8iQ8MvwGY=
